
Microsoft Visual Studio Solution File, Format Version 12.00
# Visual Studio 15
VisualStudioVersion = 15.0.28010.2041
MinimumVisualStudioVersion = 10.0.40219.1
Project("{FAE04EC0-301F-11D3-BF4B-00C04F79EFBC}") = "Controller", "Controller\Controller.csproj", "{F4E2E756-78D2-48DE-85CD-5D3F2604FB45}"
EndProject
Project("{FAE04EC0-301F-11D3-BF4B-00C04F79EFBC}") = "Model", "Model\Model.csproj", "{E13045C7-E0A2-451E-AC95-915D2D7058F5}"
EndProject
Project("{FAE04EC0-301F-11D3-BF4B-00C04F79EFBC}") = "View", "View\View.csproj", "{3D81A10C-E5A2-4F10-903B-948B2CB524FD}"
EndProject
Global
	GlobalSection(SolutionConfigurationPlatforms) = preSolution
		Debug|Any CPU = Debug|Any CPU
		Release|Any CPU = Release|Any CPU
	EndGlobalSection
	GlobalSection(ProjectConfigurationPlatforms) = postSolution
		{F4E2E756-78D2-48DE-85CD-5D3F2604FB45}.Debug|Any CPU.ActiveCfg = Debug|Any CPU
		{F4E2E756-78D2-48DE-85CD-5D3F2604FB45}.Debug|Any CPU.Build.0 = Debug|Any CPU
		{F4E2E756-78D2-48DE-85CD-5D3F2604FB45}.Release|Any CPU.ActiveCfg = Release|Any CPU
		{F4E2E756-78D2-48DE-85CD-5D3F2604FB45}.Release|Any CPU.Build.0 = Release|Any CPU
		{E13045C7-E0A2-451E-AC95-915D2D7058F5}.Debug|Any CPU.ActiveCfg = Debug|Any CPU
		{E13045C7-E0A2-451E-AC95-915D2D7058F5}.Debug|Any CPU.Build.0 = Debug|Any CPU
		{E13045C7-E0A2-451E-AC95-915D2D7058F5}.Release|Any CPU.ActiveCfg = Release|Any CPU
		{E13045C7-E0A2-451E-AC95-915D2D7058F5}.Release|Any CPU.Build.0 = Release|Any CPU
		{3D81A10C-E5A2-4F10-903B-948B2CB524FD}.Debug|Any CPU.ActiveCfg = Debug|Any CPU
		{3D81A10C-E5A2-4F10-903B-948B2CB524FD}.Debug|Any CPU.Build.0 = Debug|Any CPU
		{3D81A10C-E5A2-4F10-903B-948B2CB524FD}.Release|Any CPU.ActiveCfg = Release|Any CPU
		{3D81A10C-E5A2-4F10-903B-948B2CB524FD}.Release|Any CPU.Build.0 = Release|Any CPU
	EndGlobalSection
	GlobalSection(SolutionProperties) = preSolution
		HideSolutionNode = FALSE
	EndGlobalSection
	GlobalSection(ExtensibilityGlobals) = postSolution
		SolutionGuid = {4DF2D616-6A89-45D7-BE8B-691381EA6173}
	EndGlobalSection
EndGlobal
